
Microsoft Visual Studio Solution File, Format Version 12.00
# Visual Studio Version 17
VisualStudioVersion = 17.4.33110.190
MinimumVisualStudioVersion = 10.0.40219.1
Project("{FAE04EC0-301F-11D3-BF4B-00C04F79EFBC}") = "CRUD with DB", "CRUD with DB\CRUD with DB.csproj", "{F377C887-7BAC-408F-87CD-3E5760B99165}"
EndProject
Global
	GlobalSection(SolutionConfigurationPlatforms) = preSolution
		Debug|Any CPU = Debug|Any CPU
		Release|Any CPU = Release|Any CPU
	EndGlobalSection
	GlobalSection(ProjectConfigurationPlatforms) = postSolution
		{F377C887-7BAC-408F-87CD-3E5760B99165}.Debug|Any CPU.ActiveCfg = Debug|Any CPU
		{F377C887-7BAC-408F-87CD-3E5760B99165}.Debug|Any CPU.Build.0 = Debug|Any CPU
		{F377C887-7BAC-408F-87CD-3E5760B99165}.Release|Any CPU.ActiveCfg = Release|Any CPU
		{F377C887-7BAC-408F-87CD-3E5760B99165}.Release|Any CPU.Build.0 = Release|Any CPU
	EndGlobalSection
	GlobalSection(SolutionProperties) = preSolution
		HideSolutionNode = FALSE
	EndGlobalSection
	GlobalSection(ExtensibilityGlobals) = postSolution
		SolutionGuid = {2C45B00D-EA00-412C-8F4B-A18E7970C573}
	EndGlobalSection
EndGlobal
